
Microsoft Visual Studio Solution File, Format Version 12.00
# Visual Studio Version 16
VisualStudioVersion = 16.0.29613.14
MinimumVisualStudioVersion = 10.0.40219.1
Project("{FAE04EC0-301F-11D3-BF4B-00C04F79EFBC}") = "Day1-Counter", "Day1-Counter\Day1-Counter.csproj", "{1BE1D12F-D2AA-4C44-B3B1-5E9B0A93E428}"
EndProject
Project("{FAE04EC0-301F-11D3-BF4B-00C04F79EFBC}") = "Day1-ReverseCounter", "Day1-ReverseCounter\Day1-ReverseCounter.csproj", "{C49610D1-737B-4E7E-B858-3138137C5514}"
EndProject
Project("{FAE04EC0-301F-11D3-BF4B-00C04F79EFBC}") = "Day1-100UnevenCounter", "Day1-100UnevenCounter\Day1-100UnevenCounter.csproj", "{33002C94-BF5B-4C41-9F40-591351C80B6B}"
EndProject
Project("{FAE04EC0-301F-11D3-BF4B-00C04F79EFBC}") = "Day1-100-EvenCounter", "Day1-100-EvenCounter\Day1-100-EvenCounter.csproj", "{D3AB7F2E-6786-43D1-BED9-A16AA8BF822B}"
EndProject
Project("{FAE04EC0-301F-11D3-BF4B-00C04F79EFBC}") = "Day1-100Counter", "Day1-100Counter\Day1-100Counter.csproj", "{AD210A93-2A59-45A5-BCC9-4E9BB1FDB961}"
EndProject
Global
	GlobalSection(SolutionConfigurationPlatforms) = preSolution
		Debug|Any CPU = Debug|Any CPU
		Release|Any CPU = Release|Any CPU
	EndGlobalSection
	GlobalSection(ProjectConfigurationPlatforms) = postSolution
		{1BE1D12F-D2AA-4C44-B3B1-5E9B0A93E428}.Debug|Any CPU.ActiveCfg = Debug|Any CPU
		{1BE1D12F-D2AA-4C44-B3B1-5E9B0A93E428}.Debug|Any CPU.Build.0 = Debug|Any CPU
		{1BE1D12F-D2AA-4C44-B3B1-5E9B0A93E428}.Release|Any CPU.ActiveCfg = Release|Any CPU
		{1BE1D12F-D2AA-4C44-B3B1-5E9B0A93E428}.Release|Any CPU.Build.0 = Release|Any CPU
		{C49610D1-737B-4E7E-B858-3138137C5514}.Debug|Any CPU.ActiveCfg = Debug|Any CPU
		{C49610D1-737B-4E7E-B858-3138137C5514}.Debug|Any CPU.Build.0 = Debug|Any CPU
		{C49610D1-737B-4E7E-B858-3138137C5514}.Release|Any CPU.ActiveCfg = Release|Any CPU
		{C49610D1-737B-4E7E-B858-3138137C5514}.Release|Any CPU.Build.0 = Release|Any CPU
		{33002C94-BF5B-4C41-9F40-591351C80B6B}.Debug|Any CPU.ActiveCfg = Debug|Any CPU
		{33002C94-BF5B-4C41-9F40-591351C80B6B}.Debug|Any CPU.Build.0 = Debug|Any CPU
		{33002C94-BF5B-4C41-9F40-591351C80B6B}.Release|Any CPU.ActiveCfg = Release|Any CPU
		{33002C94-BF5B-4C41-9F40-591351C80B6B}.Release|Any CPU.Build.0 = Release|Any CPU
		{D3AB7F2E-6786-43D1-BED9-A16AA8BF822B}.Debug|Any CPU.ActiveCfg = Debug|Any CPU
		{D3AB7F2E-6786-43D1-BED9-A16AA8BF822B}.Debug|Any CPU.Build.0 = Debug|Any CPU
		{D3AB7F2E-6786-43D1-BED9-A16AA8BF822B}.Release|Any CPU.ActiveCfg = Release|Any CPU
		{D3AB7F2E-6786-43D1-BED9-A16AA8BF822B}.Release|Any CPU.Build.0 = Release|Any CPU
		{AD210A93-2A59-45A5-BCC9-4E9BB1FDB961}.Debug|Any CPU.ActiveCfg = Debug|Any CPU
		{AD210A93-2A59-45A5-BCC9-4E9BB1FDB961}.Debug|Any CPU.Build.0 = Debug|Any CPU
		{AD210A93-2A59-45A5-BCC9-4E9BB1FDB961}.Release|Any CPU.ActiveCfg = Release|Any CPU
		{AD210A93-2A59-45A5-BCC9-4E9BB1FDB961}.Release|Any CPU.Build.0 = Release|Any CPU
	EndGlobalSection
	GlobalSection(SolutionProperties) = preSolution
		HideSolutionNode = FALSE
	EndGlobalSection
	GlobalSection(ExtensibilityGlobals) = postSolution
		SolutionGuid = {F98099B1-CCD4-4C4D-BEF5-7C1128564B6D}
	EndGlobalSection
EndGlobal
