
Microsoft Visual Studio Solution File, Format Version 12.00
# Visual Studio Version 16
VisualStudioVersion = 16.0.29613.14
MinimumVisualStudioVersion = 10.0.40219.1
Project("{FAE04EC0-301F-11D3-BF4B-00C04F79EFBC}") = "Day1-Counter", "Day1-Counter\Day1-Counter.csproj", "{1BE1D12F-D2AA-4C44-B3B1-5E9B0A93E428}"
EndProject
Global
	GlobalSection(SolutionConfigurationPlatforms) = preSolution
		Debug|Any CPU = Debug|Any CPU
		Release|Any CPU = Release|Any CPU
	EndGlobalSection
	GlobalSection(ProjectConfigurationPlatforms) = postSolution
		{1BE1D12F-D2AA-4C44-B3B1-5E9B0A93E428}.Debug|Any CPU.ActiveCfg = Debug|Any CPU
		{1BE1D12F-D2AA-4C44-B3B1-5E9B0A93E428}.Debug|Any CPU.Build.0 = Debug|Any CPU
		{1BE1D12F-D2AA-4C44-B3B1-5E9B0A93E428}.Release|Any CPU.ActiveCfg = Release|Any CPU
		{1BE1D12F-D2AA-4C44-B3B1-5E9B0A93E428}.Release|Any CPU.Build.0 = Release|Any CPU
	EndGlobalSection
	GlobalSection(SolutionProperties) = preSolution
		HideSolutionNode = FALSE
	EndGlobalSection
	GlobalSection(ExtensibilityGlobals) = postSolution
		SolutionGuid = {F98099B1-CCD4-4C4D-BEF5-7C1128564B6D}
	EndGlobalSection
EndGlobal
